
Microsoft Visual Studio Solution File, Format Version 12.00
# Visual Studio Version 17
VisualStudioVersion = 17.8.34309.116
MinimumVisualStudioVersion = 10.0.40219.1
Project("{9A19103F-16F7-4668-BE54-9A1E7A4F7556}") = "TaskManagementApp", "TaskManagementApp\TaskManagementApp.csproj", "{38D940D1-3273-4C58-A0D6-DA74F8C512F1}"
EndProject
Project("{FAE04EC0-301F-11D3-BF4B-00C04F79EFBC}") = "TaskManagementApp.Tests", "TaskManagementApp.Tests\TaskManagementApp.Tests.csproj", "{6CB9ED01-94FC-4995-8891-3696C7AEA03E}"
EndProject
Global
	GlobalSection(SolutionConfigurationPlatforms) = preSolution
		Debug|Any CPU = Debug|Any CPU
		Release|Any CPU = Release|Any CPU
	EndGlobalSection
	GlobalSection(ProjectConfigurationPlatforms) = postSolution
		{38D940D1-3273-4C58-A0D6-DA74F8C512F1}.Debug|Any CPU.ActiveCfg = Debug|Any CPU
		{38D940D1-3273-4C58-A0D6-DA74F8C512F1}.Debug|Any CPU.Build.0 = Debug|Any CPU
		{38D940D1-3273-4C58-A0D6-DA74F8C512F1}.Release|Any CPU.ActiveCfg = Release|Any CPU
		{38D940D1-3273-4C58-A0D6-DA74F8C512F1}.Release|Any CPU.Build.0 = Release|Any CPU
		{6CB9ED01-94FC-4995-8891-3696C7AEA03E}.Debug|Any CPU.ActiveCfg = Debug|Any CPU
		{6CB9ED01-94FC-4995-8891-3696C7AEA03E}.Debug|Any CPU.Build.0 = Debug|Any CPU
		{6CB9ED01-94FC-4995-8891-3696C7AEA03E}.Release|Any CPU.ActiveCfg = Release|Any CPU
		{6CB9ED01-94FC-4995-8891-3696C7AEA03E}.Release|Any CPU.Build.0 = Release|Any CPU
	EndGlobalSection
	GlobalSection(SolutionProperties) = preSolution
		HideSolutionNode = FALSE
	EndGlobalSection
	GlobalSection(ExtensibilityGlobals) = postSolution
		SolutionGuid = {7BA09473-1FE5-4121-963A-466FCF4CC564}
	EndGlobalSection
EndGlobal
